
Microsoft Visual Studio Solution File, Format Version 12.00
# Visual Studio 2012
VisualStudioVersion = 14.0.23107.0
MinimumVisualStudioVersion = 10.0.40219.1
Project("{FAE04EC0-301F-11D3-BF4B-00C04F79EFBC}") = "PhotoTossAndroid", "PhotoTossAndroid\PhotoTossAndroid.csproj", "{E4E4A228-DB1A-4B4E-8C8D-EE356F19112C}"
EndProject
Project("{FAE04EC0-301F-11D3-BF4B-00C04F79EFBC}") = "PhotoTossAndroid.UITests", "PhotoTossAndroid.UITests\PhotoTossAndroid.UITests.csproj", "{94A3916C-E3C1-493B-A702-80605AABB893}"
EndProject
Project("{FAE04EC0-301F-11D3-BF4B-00C04F79EFBC}") = "PhotoTossIOS", "PhotoTossIOS\PhotoTossIOS.csproj", "{FCC58F9E-704C-473A-B561-980026ACAAF2}"
EndProject
Project("{FAE04EC0-301F-11D3-BF4B-00C04F79EFBC}") = "PhotoTossIOS.UITests", "PhotoTossIOS.UITests\PhotoTossIOS.UITests.csproj", "{0CB307B7-EE6A-481A-8B9F-19CDDC359AAA}"
EndProject
Project("{FAE04EC0-301F-11D3-BF4B-00C04F79EFBC}") = "PhotoTossWindows", "PhotoTossWindows\PhotoTossWindows.csproj", "{239D5A28-8E13-46CC-BF27-A232DBB85D46}"
EndProject
Global
	GlobalSection(SolutionConfigurationPlatforms) = preSolution
		Debug|Any CPU = Debug|Any CPU
		Debug|ARM = Debug|ARM
		Debug|iPhone = Debug|iPhone
		Debug|iPhoneSimulator = Debug|iPhoneSimulator
		Debug|x64 = Debug|x64
		Debug|x86 = Debug|x86
		Release|Any CPU = Release|Any CPU
		Release|ARM = Release|ARM
		Release|iPhone = Release|iPhone
		Release|iPhoneSimulator = Release|iPhoneSimulator
		Release|x64 = Release|x64
		Release|x86 = Release|x86
	EndGlobalSection
	GlobalSection(ProjectConfigurationPlatforms) = postSolution
		{0CB307B7-EE6A-481A-8B9F-19CDDC359AAA}.Debug|Any CPU.ActiveCfg = Debug|Any CPU
		{0CB307B7-EE6A-481A-8B9F-19CDDC359AAA}.Debug|Any CPU.Build.0 = Debug|Any CPU
		{0CB307B7-EE6A-481A-8B9F-19CDDC359AAA}.Debug|ARM.ActiveCfg = Debug|Any CPU
		{0CB307B7-EE6A-481A-8B9F-19CDDC359AAA}.Debug|ARM.Build.0 = Debug|Any CPU
		{0CB307B7-EE6A-481A-8B9F-19CDDC359AAA}.Debug|iPhone.ActiveCfg = Debug|Any CPU
		{0CB307B7-EE6A-481A-8B9F-19CDDC359AAA}.Debug|iPhone.Build.0 = Debug|Any CPU
		{0CB307B7-EE6A-481A-8B9F-19CDDC359AAA}.Debug|iPhoneSimulator.ActiveCfg = Debug|Any CPU
		{0CB307B7-EE6A-481A-8B9F-19CDDC359AAA}.Debug|iPhoneSimulator.Build.0 = Debug|Any CPU
		{0CB307B7-EE6A-481A-8B9F-19CDDC359AAA}.Debug|x64.ActiveCfg = Debug|Any CPU
		{0CB307B7-EE6A-481A-8B9F-19CDDC359AAA}.Debug|x64.Build.0 = Debug|Any CPU
		{0CB307B7-EE6A-481A-8B9F-19CDDC359AAA}.Debug|x86.ActiveCfg = Debug|Any CPU
		{0CB307B7-EE6A-481A-8B9F-19CDDC359AAA}.Debug|x86.Build.0 = Debug|Any CPU
		{0CB307B7-EE6A-481A-8B9F-19CDDC359AAA}.Release|Any CPU.ActiveCfg = Release|Any CPU
		{0CB307B7-EE6A-481A-8B9F-19CDDC359AAA}.Release|Any CPU.Build.0 = Release|Any CPU
		{0CB307B7-EE6A-481A-8B9F-19CDDC359AAA}.Release|ARM.ActiveCfg = Release|Any CPU
		{0CB307B7-EE6A-481A-8B9F-19CDDC359AAA}.Release|ARM.Build.0 = Release|Any CPU
		{0CB307B7-EE6A-481A-8B9F-19CDDC359AAA}.Release|iPhone.ActiveCfg = Release|Any CPU
		{0CB307B7-EE6A-481A-8B9F-19CDDC359AAA}.Release|iPhone.Build.0 = Release|Any CPU
		{0CB307B7-EE6A-481A-8B9F-19CDDC359AAA}.Release|iPhoneSimulator.ActiveCfg = Release|Any CPU
		{0CB307B7-EE6A-481A-8B9F-19CDDC359AAA}.Release|iPhoneSimulator.Build.0 = Release|Any CPU
		{0CB307B7-EE6A-481A-8B9F-19CDDC359AAA}.Release|x64.ActiveCfg = Release|Any CPU
		{0CB307B7-EE6A-481A-8B9F-19CDDC359AAA}.Release|x64.Build.0 = Release|Any CPU
		{0CB307B7-EE6A-481A-8B9F-19CDDC359AAA}.Release|x86.ActiveCfg = Release|Any CPU
		{0CB307B7-EE6A-481A-8B9F-19CDDC359AAA}.Release|x86.Build.0 = Release|Any CPU
		{239D5A28-8E13-46CC-BF27-A232DBB85D46}.Debug|Any CPU.ActiveCfg = Debug|x86
		{239D5A28-8E13-46CC-BF27-A232DBB85D46}.Debug|Any CPU.Deploy.0 = Debug|x86
		{239D5A28-8E13-46CC-BF27-A232DBB85D46}.Debug|ARM.ActiveCfg = Debug|ARM
		{239D5A28-8E13-46CC-BF27-A232DBB85D46}.Debug|ARM.Build.0 = Debug|ARM
		{239D5A28-8E13-46CC-BF27-A232DBB85D46}.Debug|ARM.Deploy.0 = Debug|ARM
		{239D5A28-8E13-46CC-BF27-A232DBB85D46}.Debug|iPhone.ActiveCfg = Debug|x86
		{239D5A28-8E13-46CC-BF27-A232DBB85D46}.Debug|iPhoneSimulator.ActiveCfg = Debug|x86
		{239D5A28-8E13-46CC-BF27-A232DBB85D46}.Debug|x64.ActiveCfg = Debug|x64
		{239D5A28-8E13-46CC-BF27-A232DBB85D46}.Debug|x64.Build.0 = Debug|x64
		{239D5A28-8E13-46CC-BF27-A232DBB85D46}.Debug|x64.Deploy.0 = Debug|x64
		{239D5A28-8E13-46CC-BF27-A232DBB85D46}.Debug|x86.ActiveCfg = Debug|x86
		{239D5A28-8E13-46CC-BF27-A232DBB85D46}.Debug|x86.Build.0 = Debug|x86
		{239D5A28-8E13-46CC-BF27-A232DBB85D46}.Debug|x86.Deploy.0 = Debug|x86
		{239D5A28-8E13-46CC-BF27-A232DBB85D46}.Release|Any CPU.ActiveCfg = Release|x86
		{239D5A28-8E13-46CC-BF27-A232DBB85D46}.Release|ARM.ActiveCfg = Release|ARM
		{239D5A28-8E13-46CC-BF27-A232DBB85D46}.Release|ARM.Build.0 = Release|ARM
		{239D5A28-8E13-46CC-BF27-A232DBB85D46}.Release|ARM.Deploy.0 = Release|ARM
		{239D5A28-8E13-46CC-BF27-A232DBB85D46}.Release|iPhone.ActiveCfg = Release|x86
		{239D5A28-8E13-46CC-BF27-A232DBB85D46}.Release|iPhoneSimulator.ActiveCfg = Release|x86
		{239D5A28-8E13-46CC-BF27-A232DBB85D46}.Release|x64.ActiveCfg = Release|x64
		{239D5A28-8E13-46CC-BF27-A232DBB85D46}.Release|x64.Build.0 = Release|x64
		{239D5A28-8E13-46CC-BF27-A232DBB85D46}.Release|x64.Deploy.0 = Release|x64
		{239D5A28-8E13-46CC-BF27-A232DBB85D46}.Release|x86.ActiveCfg = Release|x86
		{239D5A28-8E13-46CC-BF27-A232DBB85D46}.Release|x86.Build.0 = Release|x86
		{239D5A28-8E13-46CC-BF27-A232DBB85D46}.Release|x86.Deploy.0 = Release|x86
		{94A3916C-E3C1-493B-A702-80605AABB893}.Debug|Any CPU.ActiveCfg = Debug|Any CPU
		{94A3916C-E3C1-493B-A702-80605AABB893}.Debug|Any CPU.Build.0 = Debug|Any CPU
		{94A3916C-E3C1-493B-A702-80605AABB893}.Debug|ARM.ActiveCfg = Debug|Any CPU
		{94A3916C-E3C1-493B-A702-80605AABB893}.Debug|ARM.Build.0 = Debug|Any CPU
		{94A3916C-E3C1-493B-A702-80605AABB893}.Debug|iPhone.ActiveCfg = Debug|Any CPU
		{94A3916C-E3C1-493B-A702-80605AABB893}.Debug|iPhone.Build.0 = Debug|Any CPU
		{94A3916C-E3C1-493B-A702-80605AABB893}.Debug|iPhoneSimulator.ActiveCfg = Debug|Any CPU
		{94A3916C-E3C1-493B-A702-80605AABB893}.Debug|iPhoneSimulator.Build.0 = Debug|Any CPU
		{94A3916C-E3C1-493B-A702-80605AABB893}.Debug|x64.ActiveCfg = Debug|Any CPU
		{94A3916C-E3C1-493B-A702-80605AABB893}.Debug|x64.Build.0 = Debug|Any CPU
		{94A3916C-E3C1-493B-A702-80605AABB893}.Debug|x86.ActiveCfg = Debug|Any CPU
		{94A3916C-E3C1-493B-A702-80605AABB893}.Debug|x86.Build.0 = Debug|Any CPU
		{94A3916C-E3C1-493B-A702-80605AABB893}.Release|Any CPU.ActiveCfg = Release|Any CPU
		{94A3916C-E3C1-493B-A702-80605AABB893}.Release|Any CPU.Build.0 = Release|Any CPU
		{94A3916C-E3C1-493B-A702-80605AABB893}.Release|ARM.ActiveCfg = Release|Any CPU
		{94A3916C-E3C1-493B-A702-80605AABB893}.Release|ARM.Build.0 = Release|Any CPU
		{94A3916C-E3C1-493B-A702-80605AABB893}.Release|iPhone.ActiveCfg = Release|Any CPU
		{94A3916C-E3C1-493B-A702-80605AABB893}.Release|iPhone.Build.0 = Release|Any CPU
		{94A3916C-E3C1-493B-A702-80605AABB893}.Release|iPhoneSimulator.ActiveCfg = Release|Any CPU
		{94A3916C-E3C1-493B-A702-80605AABB893}.Release|iPhoneSimulator.Build.0 = Release|Any CPU
		{94A3916C-E3C1-493B-A702-80605AABB893}.Release|x64.ActiveCfg = Release|Any CPU
		{94A3916C-E3C1-493B-A702-80605AABB893}.Release|x64.Build.0 = Release|Any CPU
		{94A3916C-E3C1-493B-A702-80605AABB893}.Release|x86.ActiveCfg = Release|Any CPU
		{94A3916C-E3C1-493B-A702-80605AABB893}.Release|x86.Build.0 = Release|Any CPU
		{E4E4A228-DB1A-4B4E-8C8D-EE356F19112C}.Debug|Any CPU.ActiveCfg = Debug|Any CPU
		{E4E4A228-DB1A-4B4E-8C8D-EE356F19112C}.Debug|Any CPU.Build.0 = Debug|Any CPU
		{E4E4A228-DB1A-4B4E-8C8D-EE356F19112C}.Debug|Any CPU.Deploy.0 = Debug|Any CPU
		{E4E4A228-DB1A-4B4E-8C8D-EE356F19112C}.Debug|ARM.ActiveCfg = Debug|Any CPU
		{E4E4A228-DB1A-4B4E-8C8D-EE356F19112C}.Debug|ARM.Build.0 = Debug|Any CPU
		{E4E4A228-DB1A-4B4E-8C8D-EE356F19112C}.Debug|ARM.Deploy.0 = Debug|Any CPU
		{E4E4A228-DB1A-4B4E-8C8D-EE356F19112C}.Debug|iPhone.ActiveCfg = Debug|Any CPU
		{E4E4A228-DB1A-4B4E-8C8D-EE356F19112C}.Debug|iPhone.Build.0 = Debug|Any CPU
		{E4E4A228-DB1A-4B4E-8C8D-EE356F19112C}.Debug|iPhoneSimulator.ActiveCfg = Debug|Any CPU
		{E4E4A228-DB1A-4B4E-8C8D-EE356F19112C}.Debug|iPhoneSimulator.Build.0 = Debug|Any CPU
		{E4E4A228-DB1A-4B4E-8C8D-EE356F19112C}.Debug|x64.ActiveCfg = Debug|Any CPU
		{E4E4A228-DB1A-4B4E-8C8D-EE356F19112C}.Debug|x64.Build.0 = Debug|Any CPU
		{E4E4A228-DB1A-4B4E-8C8D-EE356F19112C}.Debug|x64.Deploy.0 = Debug|Any CPU
		{E4E4A228-DB1A-4B4E-8C8D-EE356F19112C}.Debug|x86.ActiveCfg = Debug|Any CPU
		{E4E4A228-DB1A-4B4E-8C8D-EE356F19112C}.Debug|x86.Build.0 = Debug|Any CPU
		{E4E4A228-DB1A-4B4E-8C8D-EE356F19112C}.Debug|x86.Deploy.0 = Debug|Any CPU
		{E4E4A228-DB1A-4B4E-8C8D-EE356F19112C}.Release|Any CPU.ActiveCfg = Release|Any CPU
		{E4E4A228-DB1A-4B4E-8C8D-EE356F19112C}.Release|Any CPU.Build.0 = Release|Any CPU
		{E4E4A228-DB1A-4B4E-8C8D-EE356F19112C}.Release|Any CPU.Deploy.0 = Release|Any CPU
		{E4E4A228-DB1A-4B4E-8C8D-EE356F19112C}.Release|ARM.ActiveCfg = Release|Any CPU
		{E4E4A228-DB1A-4B4E-8C8D-EE356F19112C}.Release|ARM.Build.0 = Release|Any CPU
		{E4E4A228-DB1A-4B4E-8C8D-EE356F19112C}.Release|ARM.Deploy.0 = Release|Any CPU
		{E4E4A228-DB1A-4B4E-8C8D-EE356F19112C}.Release|iPhone.ActiveCfg = Release|Any CPU
		{E4E4A228-DB1A-4B4E-8C8D-EE356F19112C}.Release|iPhone.Build.0 = Release|Any CPU
		{E4E4A228-DB1A-4B4E-8C8D-EE356F19112C}.Release|iPhoneSimulator.ActiveCfg = Release|Any CPU
		{E4E4A228-DB1A-4B4E-8C8D-EE356F19112C}.Release|iPhoneSimulator.Build.0 = Release|Any CPU
		{E4E4A228-DB1A-4B4E-8C8D-EE356F19112C}.Release|x64.ActiveCfg = Release|Any CPU
		{E4E4A228-DB1A-4B4E-8C8D-EE356F19112C}.Release|x64.Build.0 = Release|Any CPU
		{E4E4A228-DB1A-4B4E-8C8D-EE356F19112C}.Release|x64.Deploy.0 = Release|Any CPU
		{E4E4A228-DB1A-4B4E-8C8D-EE356F19112C}.Release|x86.ActiveCfg = Release|Any CPU
		{E4E4A228-DB1A-4B4E-8C8D-EE356F19112C}.Release|x86.Build.0 = Release|Any CPU
		{E4E4A228-DB1A-4B4E-8C8D-EE356F19112C}.Release|x86.Deploy.0 = Release|Any CPU
		{FCC58F9E-704C-473A-B561-980026ACAAF2}.Debug|Any CPU.ActiveCfg = Debug|iPhoneSimulator
		{FCC58F9E-704C-473A-B561-980026ACAAF2}.Debug|Any CPU.Build.0 = Debug|iPhoneSimulator
		{FCC58F9E-704C-473A-B561-980026ACAAF2}.Debug|ARM.ActiveCfg = Debug|iPhone
		{FCC58F9E-704C-473A-B561-980026ACAAF2}.Debug|iPhone.ActiveCfg = Debug|iPhone
		{FCC58F9E-704C-473A-B561-980026ACAAF2}.Debug|iPhone.Build.0 = Debug|iPhone
		{FCC58F9E-704C-473A-B561-980026ACAAF2}.Debug|iPhoneSimulator.ActiveCfg = Debug|iPhoneSimulator
		{FCC58F9E-704C-473A-B561-980026ACAAF2}.Debug|iPhoneSimulator.Build.0 = Debug|iPhoneSimulator
		{FCC58F9E-704C-473A-B561-980026ACAAF2}.Debug|x64.ActiveCfg = Debug|iPhone
		{FCC58F9E-704C-473A-B561-980026ACAAF2}.Debug|x86.ActiveCfg = Debug|iPhone
		{FCC58F9E-704C-473A-B561-980026ACAAF2}.Release|Any CPU.ActiveCfg = Release|iPhone
		{FCC58F9E-704C-473A-B561-980026ACAAF2}.Release|Any CPU.Build.0 = Release|iPhone
		{FCC58F9E-704C-473A-B561-980026ACAAF2}.Release|ARM.ActiveCfg = Release|iPhoneSimulator
		{FCC58F9E-704C-473A-B561-980026ACAAF2}.Release|iPhone.ActiveCfg = Release|iPhone
		{FCC58F9E-704C-473A-B561-980026ACAAF2}.Release|iPhone.Build.0 = Release|iPhone
		{FCC58F9E-704C-473A-B561-980026ACAAF2}.Release|iPhoneSimulator.ActiveCfg = Release|iPhoneSimulator
		{FCC58F9E-704C-473A-B561-980026ACAAF2}.Release|iPhoneSimulator.Build.0 = Release|iPhoneSimulator
		{FCC58F9E-704C-473A-B561-980026ACAAF2}.Release|x64.ActiveCfg = Release|iPhoneSimulator
		{FCC58F9E-704C-473A-B561-980026ACAAF2}.Release|x86.ActiveCfg = Release|iPhoneSimulator
	EndGlobalSection
	GlobalSection(SolutionProperties) = preSolution
		HideSolutionNode = FALSE
	EndGlobalSection
EndGlobal
